// !$*UTF8*$!
{
	archiveVersion = 1;
	classes = {
	};
	objectVersion = 77;
	objects = {

/* Begin PBXBuildFile section */
		88649EED2F32386700DB5D4D /* changelog.md in Resources */ = {isa = PBXBuildFile; fileRef = 88649EE52F32386700DB5D4D /* changelog.md */; };
		88649EEE2F32386700DB5D4D /* milestone-2-recording.md in Resources */ = {isa = PBXBuildFile; fileRef = 88649EE92F32386700DB5D4D /* milestone-2-recording.md */; };
		88649EEF2F32386700DB5D4D /* CLAUDE.md in Resources */ = {isa = PBXBuildFile; fileRef = 88649EE32F32386700DB5D4D /* CLAUDE.md */; };
		88649EF02F32386700DB5D4D /* architecture.md in Resources */ = {isa = PBXBuildFile; fileRef = 88649EE42F32386700DB5D4D /* architecture.md */; };
		88649EF12F32386700DB5D4D /* camera-optimization-plan.md in Resources */ = {isa = PBXBuildFile; fileRef = 88649EE82F32386700DB5D4D /* camera-optimization-plan.md */; };
		88649EF22F32386700DB5D4D /* milestone-3-monetization.md in Resources */ = {isa = PBXBuildFile; fileRef = 88649EEA2F32386700DB5D4D /* milestone-3-monetization.md */; };
		88649EF32F32386700DB5D4D /* project_status.md in Resources */ = {isa = PBXBuildFile; fileRef = 88649EE62F32386700DB5D4D /* project_status.md */; };
		88649EF42F32386700DB5D4D /* project_spec.md in Resources */ = {isa = PBXBuildFile; fileRef = 88649EEC2F32386700DB5D4D /* project_spec.md */; };
/* End PBXBuildFile section */

/* Begin PBXContainerItemProxy section */
		88649A3E2F2C322500DB5D4D /* PBXContainerItemProxy */ = {
			isa = PBXContainerItemProxy;
			containerPortal = 88649A262F2C322400DB5D4D /* Project object */;
			proxyType = 1;
			remoteGlobalIDString = 88649A2D2F2C322400DB5D4D;
			remoteInfo = "golf-sync-swing";
		};
		88649A482F2C322500DB5D4D /* PBXContainerItemProxy */ = {
			isa = PBXContainerItemProxy;
			containerPortal = 88649A262F2C322400DB5D4D /* Project object */;
			proxyType = 1;
			remoteGlobalIDString = 88649A2D2F2C322400DB5D4D;
			remoteInfo = "golf-sync-swing";
		};
/* End PBXContainerItemProxy section */

/* Begin PBXFileReference section */
		88649A2E2F2C322400DB5D4D /* golf-sync-swing.app */ = {isa = PBXFileReference; explicitFileType = wrapper.application; includeInIndex = 0; path = "golf-sync-swing.app"; sourceTree = BUILT_PRODUCTS_DIR; };
		88649A3D2F2C322500DB5D4D /* golf-sync-swingTests.xctest */ = {isa = PBXFileReference; explicitFileType = wrapper.cfbundle; includeInIndex = 0; path = "golf-sync-swingTests.xctest"; sourceTree = BUILT_PRODUCTS_DIR; };
		88649A472F2C322500DB5D4D /* golf-sync-swingUITests.xctest */ = {isa = PBXFileReference; explicitFileType = wrapper.cfbundle; includeInIndex = 0; path = "golf-sync-swingUITests.xctest"; sourceTree = BUILT_PRODUCTS_DIR; };
		88649EE32F32386700DB5D4D /* CLAUDE.md */ = {isa = PBXFileReference; lastKnownFileType = net.daringfireball.markdown; path = CLAUDE.md; sourceTree = "<group>"; };
		88649EE42F32386700DB5D4D /* architecture.md */ = {isa = PBXFileReference; lastKnownFileType = net.daringfireball.markdown; path = architecture.md; sourceTree = "<group>"; };
		88649EE52F32386700DB5D4D /* changelog.md */ = {isa = PBXFileReference; lastKnownFileType = net.daringfireball.markdown; path = changelog.md; sourceTree = "<group>"; };
		88649EE62F32386700DB5D4D /* project_status.md */ = {isa = PBXFileReference; lastKnownFileType = net.daringfireball.markdown; path = project_status.md; sourceTree = "<group>"; };
		88649EE82F32386700DB5D4D /* camera-optimization-plan.md */ = {isa = PBXFileReference; lastKnownFileType = net.daringfireball.markdown; path = "camera-optimization-plan.md"; sourceTree = "<group>"; };
		88649EE92F32386700DB5D4D /* milestone-2-recording.md */ = {isa = PBXFileReference; lastKnownFileType = net.daringfireball.markdown; path = "milestone-2-recording.md"; sourceTree = "<group>"; };
		88649EEA2F32386700DB5D4D /* milestone-3-monetization.md */ = {isa = PBXFileReference; lastKnownFileType = net.daringfireball.markdown; path = "milestone-3-monetization.md"; sourceTree = "<group>"; };
		88649EEC2F32386700DB5D4D /* project_spec.md */ = {isa = PBXFileReference; lastKnownFileType = net.daringfireball.markdown; path = project_spec.md; sourceTree = "<group>"; };
/* End PBXFileReference section */

/* Begin PBXFileSystemSynchronizedRootGroup section */
		88649A302F2C322400DB5D4D /* golf-sync-swing */ = {
			isa = PBXFileSystemSynchronizedRootGroup;
			path = "golf-sync-swing";
			sourceTree = "<group>";
		};
		88649A402F2C322500DB5D4D /* golf-sync-swingTests */ = {
			isa = PBXFileSystemSynchronizedRootGroup;
			path = "golf-sync-swingTests";
			sourceTree = "<group>";
		};
		88649A4A2F2C322500DB5D4D /* golf-sync-swingUITests */ = {
			isa = PBXFileSystemSynchronizedRootGroup;
			path = "golf-sync-swingUITests";
			sourceTree = "<group>";
		};
/* End PBXFileSystemSynchronizedRootGroup section */

/* Begin PBXFrameworksBuildPhase section */
		88649A2B2F2C322400DB5D4D /* Frameworks */ = {
			isa = PBXFrameworksBuildPhase;
			buildActionMask = 2147483647;
			files = (
			);
			runOnlyForDeploymentPostprocessing = 0;
		};
		88649A3A2F2C322500DB5D4D /* Frameworks */ = {
			isa = PBXFrameworksBuildPhase;
			buildActionMask = 2147483647;
			files = (
			);
			runOnlyForDeploymentPostprocessing = 0;
		};
		88649A442F2C322500DB5D4D /* Frameworks */ = {
			isa = PBXFrameworksBuildPhase;
			buildActionMask = 2147483647;
			files = (
			);
			runOnlyForDeploymentPostprocessing = 0;
		};
/* End PBXFrameworksBuildPhase section */

/* Begin PBXGroup section */
		88649A252F2C322400DB5D4D = {
			isa = PBXGroup;
			children = (
				88649EE32F32386700DB5D4D /* CLAUDE.md */,
				88649EE72F32386700DB5D4D /* docs */,
				88649EEB2F32386700DB5D4D /* plans */,
				88649EEC2F32386700DB5D4D /* project_spec.md */,
				88649A302F2C322400DB5D4D /* golf-sync-swing */,
				88649A402F2C322500DB5D4D /* golf-sync-swingTests */,
				88649A4A2F2C322500DB5D4D /* golf-sync-swingUITests */,
				88649A2F2F2C322400DB5D4D /* Products */,
			);
			sourceTree = "<group>";
		};
		88649A2F2F2C322400DB5D4D /* Products */ = {
			isa = PBXGroup;
			children = (
				88649A2E2F2C322400DB5D4D /* golf-sync-swing.app */,
				88649A3D2F2C322500DB5D4D /* golf-sync-swingTests.xctest */,
				88649A472F2C322500DB5D4D /* golf-sync-swingUITests.xctest */,
			);
			name = Products;
			sourceTree = "<group>";
		};
		88649EE72F32386700DB5D4D /* docs */ = {
			isa = PBXGroup;
			children = (
				88649EE42F32386700DB5D4D /* architecture.md */,
				88649EE52F32386700DB5D4D /* changelog.md */,
				88649EE62F32386700DB5D4D /* project_status.md */,
			);
			path = docs;
			sourceTree = "<group>";
		};
		88649EEB2F32386700DB5D4D /* plans */ = {
			isa = PBXGroup;
			children = (
				88649EE82F32386700DB5D4D /* camera-optimization-plan.md */,
				88649EE92F32386700DB5D4D /* milestone-2-recording.md */,
				88649EEA2F32386700DB5D4D /* milestone-3-monetization.md */,
			);
			path = plans;
			sourceTree = "<group>";
		};
/* End PBXGroup section */

/* Begin PBXNativeTarget section */
		88649A2D2F2C322400DB5D4D /* golf-sync-swing */ = {
			isa = PBXNativeTarget;
			buildConfigurationList = 88649A512F2C322500DB5D4D /* Build configuration list for PBXNativeTarget "golf-sync-swing" */;
			buildPhases = (
				88649A2A2F2C322400DB5D4D /* Sources */,
				88649A2B2F2C322400DB5D4D /* Frameworks */,
				88649A2C2F2C322400DB5D4D /* Resources */,
			);
			buildRules = (
			);
			dependencies = (
			);
			fileSystemSynchronizedGroups = (
				88649A302F2C322400DB5D4D /* golf-sync-swing */,
			);
			name = "golf-sync-swing";
			packageProductDependencies = (
			);
			productName = "golf-sync-swing";
			productReference = 88649A2E2F2C322400DB5D4D /* golf-sync-swing.app */;
			productType = "com.apple.product-type.application";
		};
		88649A3C2F2C322500DB5D4D /* golf-sync-swingTests */ = {
			isa = PBXNativeTarget;
			buildConfigurationList = 88649A542F2C322500DB5D4D /* Build configuration list for PBXNativeTarget "golf-sync-swingTests" */;
			buildPhases = (
				88649A392F2C322500DB5D4D /* Sources */,
				88649A3A2F2C322500DB5D4D /* Frameworks */,
				88649A3B2F2C322500DB5D4D /* Resources */,
			);
			buildRules = (
			);
			dependencies = (
				88649A3F2F2C322500DB5D4D /* PBXTargetDependency */,
			);
			fileSystemSynchronizedGroups = (
				88649A402F2C322500DB5D4D /* golf-sync-swingTests */,
			);
			name = "golf-sync-swingTests";
			packageProductDependencies = (
			);
			productName = "golf-sync-swingTests";
			productReference = 88649A3D2F2C322500DB5D4D /* golf-sync-swingTests.xctest */;
			productType = "com.apple.product-type.bundle.unit-test";
		};
		88649A462F2C322500DB5D4D /* golf-sync-swingUITests */ = {
			isa = PBXNativeTarget;
			buildConfigurationList = 88649A572F2C322500DB5D4D /* Build configuration list for PBXNativeTarget "golf-sync-swingUITests" */;
			buildPhases = (
				88649A432F2C322500DB5D4D /* Sources */,
				88649A442F2C322500DB5D4D /* Frameworks */,
				88649A452F2C322500DB5D4D /* Resources */,
			);
			buildRules = (
			);
			dependencies = (
				88649A492F2C322500DB5D4D /* PBXTargetDependency */,
			);
			fileSystemSynchronizedGroups = (
				88649A4A2F2C322500DB5D4D /* golf-sync-swingUITests */,
			);
			name = "golf-sync-swingUITests";
			packageProductDependencies = (
			);
			productName = "golf-sync-swingUITests";
			productReference = 88649A472F2C322500DB5D4D /* golf-sync-swingUITests.xctest */;
			productType = "com.apple.product-type.bundle.ui-testing";
		};
/* End PBXNativeTarget section */

/* Begin PBXProject section */
		88649A262F2C322400DB5D4D /* Project object */ = {
			isa = PBXProject;
			attributes = {
				BuildIndependentTargetsInParallel = 1;
				LastSwiftUpdateCheck = 2610;
				LastUpgradeCheck = 2610;
				TargetAttributes = {
					88649A2D2F2C322400DB5D4D = {
						CreatedOnToolsVersion = 26.1.1;
					};
					88649A3C2F2C322500DB5D4D = {
						CreatedOnToolsVersion = 26.1.1;
						TestTargetID = 88649A2D2F2C322400DB5D4D;
					};
					88649A462F2C322500DB5D4D = {
						CreatedOnToolsVersion = 26.1.1;
						TestTargetID = 88649A2D2F2C322400DB5D4D;
					};
				};
			};
			buildConfigurationList = 88649A292F2C322400DB5D4D /* Build configuration list for PBXProject "golf-sync-swing" */;
			developmentRegion = en;
			hasScannedForEncodings = 0;
			knownRegions = (
				en,
				Base,
			);
			mainGroup = 88649A252F2C322400DB5D4D;
			minimizedProjectReferenceProxies = 1;
			preferredProjectObjectVersion = 77;
			productRefGroup = 88649A2F2F2C322400DB5D4D /* Products */;
			projectDirPath = "";
			projectRoot = "";
			targets = (
				88649A2D2F2C322400DB5D4D /* golf-sync-swing */,
				88649A3C2F2C322500DB5D4D /* golf-sync-swingTests */,
				88649A462F2C322500DB5D4D /* golf-sync-swingUITests */,
			);
		};
/* End PBXProject section */

/* Begin PBXResourcesBuildPhase section */
		88649A2C2F2C322400DB5D4D /* Resources */ = {
			isa = PBXResourcesBuildPhase;
			buildActionMask = 2147483647;
			files = (
				88649EED2F32386700DB5D4D /* changelog.md in Resources */,
				88649EEE2F32386700DB5D4D /* milestone-2-recording.md in Resources */,
				88649EEF2F32386700DB5D4D /* CLAUDE.md in Resources */,
				88649EF02F32386700DB5D4D /* architecture.md in Resources */,
				88649EF12F32386700DB5D4D /* camera-optimization-plan.md in Resources */,
				88649EF22F32386700DB5D4D /* milestone-3-monetization.md in Resources */,
				88649EF32F32386700DB5D4D /* project_status.md in Resources */,
				88649EF42F32386700DB5D4D /* project_spec.md in Resources */,
			);
			runOnlyForDeploymentPostprocessing = 0;
		};
		88649A3B2F2C322500DB5D4D /* Resources */ = {
			isa = PBXResourcesBuildPhase;
			buildActionMask = 2147483647;
			files = (
			);
			runOnlyForDeploymentPostprocessing = 0;
		};
		88649A452F2C322500DB5D4D /* Resources */ = {
			isa = PBXResourcesBuildPhase;
			buildActionMask = 2147483647;
			files = (
			);
			runOnlyForDeploymentPostprocessing = 0;
		};
/* End PBXResourcesBuildPhase section */

/* Begin PBXSourcesBuildPhase section */
		88649A2A2F2C322400DB5D4D /* Sources */ = {
			isa = PBXSourcesBuildPhase;
			buildActionMask = 2147483647;
			files = (
			);
			runOnlyForDeploymentPostprocessing = 0;
		};
		88649A392F2C322500DB5D4D /* Sources */ = {
			isa = PBXSourcesBuildPhase;
			buildActionMask = 2147483647;
			files = (
			);
			runOnlyForDeploymentPostprocessing = 0;
		};
		88649A432F2C322500DB5D4D /* Sources */ = {
			isa = PBXSourcesBuildPhase;
			buildActionMask = 2147483647;
			files = (
			);
			runOnlyForDeploymentPostprocessing = 0;
		};
/* End PBXSourcesBuildPhase section */

/* Begin PBXTargetDependency section */
		88649A3F2F2C322500DB5D4D /* PBXTargetDependency */ = {
			isa = PBXTargetDependency;
			target = 88649A2D2F2C322400DB5D4D /* golf-sync-swing */;
			targetProxy = 88649A3E2F2C322500DB5D4D /* PBXContainerItemProxy */;
		};
		88649A492F2C322500DB5D4D /* PBXTargetDependency */ = {
			isa = PBXTargetDependency;
			target = 88649A2D2F2C322400DB5D4D /* golf-sync-swing */;
			targetProxy = 88649A482F2C322500DB5D4D /* PBXContainerItemProxy */;
		};
/* End PBXTargetDependency section */

/* Begin XCBuildConfiguration section */
		88649A4F2F2C322500DB5D4D /* Debug */ = {
			isa = XCBuildConfiguration;
			buildSettings = {
				ALWAYS_SEARCH_USER_PATHS = NO;
				ASSETCATALOG_COMPILER_GENERATE_SWIFT_ASSET_SYMBOL_EXTENSIONS = YES;
				CLANG_ANALYZER_NONNULL = YES;
				CLANG_ANALYZER_NUMBER_OBJECT_CONVERSION = YES_AGGRESSIVE;
				CLANG_CXX_LANGUAGE_STANDARD = "gnu++20";
				CLANG_ENABLE_MODULES = YES;
				CLANG_ENABLE_OBJC_ARC = YES;
				CLANG_ENABLE_OBJC_WEAK = YES;
				CLANG_WARN_BLOCK_CAPTURE_AUTORELEASING = YES;
				CLANG_WARN_BOOL_CONVERSION = YES;
				CLANG_WARN_COMMA = YES;
				CLANG_WARN_CONSTANT_CONVERSION = YES;
				CLANG_WARN_DEPRECATED_OBJC_IMPLEMENTATIONS = YES;
				CLANG_WARN_DIRECT_OBJC_ISA_USAGE = YES_ERROR;
				CLANG_WARN_DOCUMENTATION_COMMENTS = YES;
				CLANG_WARN_EMPTY_BODY = YES;
				CLANG_WARN_ENUM_CONVERSION = YES;
				CLANG_WARN_INFINITE_RECURSION = YES;
				CLANG_WARN_INT_CONVERSION = YES;
				CLANG_WARN_NON_LITERAL_NULL_CONVERSION = YES;
				CLANG_WARN_OBJC_IMPLICIT_RETAIN_SELF = YES;
				CLANG_WARN_OBJC_LITERAL_CONVERSION = YES;
				CLANG_WARN_OBJC_ROOT_CLASS = YES_ERROR;
				CLANG_WARN_QUOTED_INCLUDE_IN_FRAMEWORK_HEADER = YES;
				CLANG_WARN_RANGE_LOOP_ANALYSIS = YES;
				CLANG_WARN_STRICT_PROTOTYPES = YES;
				CLANG_WARN_SUSPICIOUS_MOVE = YES;
				CLANG_WARN_UNGUARDED_AVAILABILITY = YES_AGGRESSIVE;
				CLANG_WARN_UNREACHABLE_CODE = YES;
				CLANG_WARN__DUPLICATE_METHOD_MATCH = YES;
				COPY_PHASE_STRIP = NO;
				DEBUG_INFORMATION_FORMAT = dwarf;
				DEVELOPMENT_TEAM = J2R9272WYX;
				ENABLE_STRICT_OBJC_MSGSEND = YES;
				ENABLE_TESTABILITY = YES;
				ENABLE_USER_SCRIPT_SANDBOXING = YES;
				GCC_C_LANGUAGE_STANDARD = gnu17;
				GCC_DYNAMIC_NO_PIC = NO;
				GCC_NO_COMMON_BLOCKS = YES;
				GCC_OPTIMIZATION_LEVEL = 0;
				GCC_PREPROCESSOR_DEFINITIONS = (
					"DEBUG=1",
					"$(inherited)",
				);
				GCC_WARN_64_TO_32_BIT_CONVERSION = YES;
				GCC_WARN_ABOUT_RETURN_TYPE = YES_ERROR;
				GCC_WARN_UNDECLARED_SELECTOR = YES;
				GCC_WARN_UNINITIALIZED_AUTOS = YES_AGGRESSIVE;
				GCC_WARN_UNUSED_FUNCTION = YES;
				GCC_WARN_UNUSED_VARIABLE = YES;
				IPHONEOS_DEPLOYMENT_TARGET = 26.1;
				LOCALIZATION_PREFERS_STRING_CATALOGS = YES;
				MTL_ENABLE_DEBUG_INFO = INCLUDE_SOURCE;
				MTL_FAST_MATH = YES;
				ONLY_ACTIVE_ARCH = YES;
				SDKROOT = iphoneos;
				SWIFT_ACTIVE_COMPILATION_CONDITIONS = "DEBUG $(inherited)";
				SWIFT_OPTIMIZATION_LEVEL = "-Onone";
			};
			name = Debug;
		};
		88649A502F2C322500DB5D4D /* Release */ = {
			isa = XCBuildConfiguration;
			buildSettings = {
				ALWAYS_SEARCH_USER_PATHS = NO;
				ASSETCATALOG_COMPILER_GENERATE_SWIFT_ASSET_SYMBOL_EXTENSIONS = YES;
				CLANG_ANALYZER_NONNULL = YES;
				CLANG_ANALYZER_NUMBER_OBJECT_CONVERSION = YES_AGGRESSIVE;
				CLANG_CXX_LANGUAGE_STANDARD = "gnu++20";
				CLANG_ENABLE_MODULES = YES;
				CLANG_ENABLE_OBJC_ARC = YES;
				CLANG_ENABLE_OBJC_WEAK = YES;
				CLANG_WARN_BLOCK_CAPTURE_AUTORELEASING = YES;
				CLANG_WARN_BOOL_CONVERSION = YES;
				CLANG_WARN_COMMA = YES;
				CLANG_WARN_CONSTANT_CONVERSION = YES;
				CLANG_WARN_DEPRECATED_OBJC_IMPLEMENTATIONS = YES;
				CLANG_WARN_DIRECT_OBJC_ISA_USAGE = YES_ERROR;
				CLANG_WARN_DOCUMENTATION_COMMENTS = YES;
				CLANG_WARN_EMPTY_BODY = YES;
				CLANG_WARN_ENUM_CONVERSION = YES;
				CLANG_WARN_INFINITE_RECURSION = YES;
				CLANG_WARN_INT_CONVERSION = YES;
				CLANG_WARN_NON_LITERAL_NULL_CONVERSION = YES;
				CLANG_WARN_OBJC_IMPLICIT_RETAIN_SELF = YES;
				CLANG_WARN_OBJC_LITERAL_CONVERSION = YES;
				CLANG_WARN_OBJC_ROOT_CLASS = YES_ERROR;
				CLANG_WARN_QUOTED_INCLUDE_IN_FRAMEWORK_HEADER = YES;
				CLANG_WARN_RANGE_LOOP_ANALYSIS = YES;
				CLANG_WARN_STRICT_PROTOTYPES = YES;
				CLANG_WARN_SUSPICIOUS_MOVE = YES;
				CLANG_WARN_UNGUARDED_AVAILABILITY = YES_AGGRESSIVE;
				CLANG_WARN_UNREACHABLE_CODE = YES;
				CLANG_WARN__DUPLICATE_METHOD_MATCH = YES;
				COPY_PHASE_STRIP = NO;
				DEBUG_INFORMATION_FORMAT = "dwarf-with-dsym";
				DEVELOPMENT_TEAM = J2R9272WYX;
				ENABLE_NS_ASSERTIONS = NO;
				ENABLE_STRICT_OBJC_MSGSEND = YES;
				ENABLE_USER_SCRIPT_SANDBOXING = YES;
				GCC_C_LANGUAGE_STANDARD = gnu17;
				GCC_NO_COMMON_BLOCKS = YES;
				GCC_WARN_64_TO_32_BIT_CONVERSION = YES;
				GCC_WARN_ABOUT_RETURN_TYPE = YES_ERROR;
				GCC_WARN_UNDECLARED_SELECTOR = YES;
				GCC_WARN_UNINITIALIZED_AUTOS = YES_AGGRESSIVE;
				GCC_WARN_UNUSED_FUNCTION = YES;
				GCC_WARN_UNUSED_VARIABLE = YES;
				IPHONEOS_DEPLOYMENT_TARGET = 26.1;
				LOCALIZATION_PREFERS_STRING_CATALOGS = YES;
				MTL_ENABLE_DEBUG_INFO = NO;
				MTL_FAST_MATH = YES;
				SDKROOT = iphoneos;
				SWIFT_COMPILATION_MODE = wholemodule;
				VALIDATE_PRODUCT = YES;
			};
			name = Release;
		};
		88649A522F2C322500DB5D4D /* Debug */ = {
			isa = XCBuildConfiguration;
			buildSettings = {
				ASSETCATALOG_COMPILER_APPICON_NAME = AppIcon;
				ASSETCATALOG_COMPILER_GLOBAL_ACCENT_COLOR_NAME = AccentColor;
				CODE_SIGN_STYLE = Automatic;
				CURRENT_PROJECT_VERSION = 1;
				DEVELOPMENT_TEAM = J2R9272WYX;
				ENABLE_PREVIEWS = YES;
				GENERATE_INFOPLIST_FILE = YES;
				INFOPLIST_KEY_NSCameraUsageDescription = "Golf Sync Swing needs camera access to record your golf swings for analysis and comparison.";
				INFOPLIST_KEY_NSMicrophoneUsageDescription = "Golf Sync Swing needs microphone access to detect ball impact sounds for automatic swing detection.";
				INFOPLIST_KEY_NSPhotoLibraryAddUsageDescription = "Golf Sync Swing needs permission to save exported comparison videos to your photo library.";
				INFOPLIST_KEY_NSPhotoLibraryUsageDescription = "Golf Sync Swing needs access to your photo library to import golf swing videos for comparison.";
				INFOPLIST_KEY_UIApplicationSceneManifest_Generation = YES;
				INFOPLIST_KEY_UIApplicationSupportsIndirectInputEvents = YES;
				INFOPLIST_KEY_UILaunchScreen_Generation = YES;
				INFOPLIST_KEY_UISupportedInterfaceOrientations_iPad = "UIInterfaceOrientationPortrait UIInterfaceOrientationPortraitUpsideDown UIInterfaceOrientationLandscapeLeft UIInterfaceOrientationLandscapeRight";
				INFOPLIST_KEY_UISupportedInterfaceOrientations_iPhone = "UIInterfaceOrientationPortrait UIInterfaceOrientationLandscapeLeft UIInterfaceOrientationLandscapeRight";
				LD_RUNPATH_SEARCH_PATHS = (
					"$(inherited)",
					"@executable_path/Frameworks",
				);
				MARKETING_VERSION = 1.0;
				PRODUCT_BUNDLE_IDENTIFIER = "com.tyfoan.golf-sync-swing";
				PRODUCT_NAME = "$(TARGET_NAME)";
				STRING_CATALOG_GENERATE_SYMBOLS = YES;
				SWIFT_APPROACHABLE_CONCURRENCY = YES;
				SWIFT_DEFAULT_ACTOR_ISOLATION = MainActor;
				SWIFT_EMIT_LOC_STRINGS = YES;
				SWIFT_UPCOMING_FEATURE_MEMBER_IMPORT_VISIBILITY = YES;
				SWIFT_VERSION = 5.0;
				TARGETED_DEVICE_FAMILY = "1,2";
			};
			name = Debug;
		};
		88649A532F2C322500DB5D4D /* Release */ = {
			isa = XCBuildConfiguration;
			buildSettings = {
				ASSETCATALOG_COMPILER_APPICON_NAME = AppIcon;
				ASSETCATALOG_COMPILER_GLOBAL_ACCENT_COLOR_NAME = AccentColor;
				CODE_SIGN_STYLE = Automatic;
				CURRENT_PROJECT_VERSION = 1;
				DEVELOPMENT_TEAM = J2R9272WYX;
				ENABLE_PREVIEWS = YES;
				GENERATE_INFOPLIST_FILE = YES;
				INFOPLIST_KEY_NSCameraUsageDescription = "Golf Sync Swing needs camera access to record your golf swings for analysis and comparison.";
				INFOPLIST_KEY_NSMicrophoneUsageDescription = "Golf Sync Swing needs microphone access to detect ball impact sounds for automatic swing detection.";
				INFOPLIST_KEY_NSPhotoLibraryAddUsageDescription = "Golf Sync Swing needs permission to save exported comparison videos to your photo library.";
				INFOPLIST_KEY_NSPhotoLibraryUsageDescription = "Golf Sync Swing needs access to your photo library to import golf swing videos for comparison.";
				INFOPLIST_KEY_UIApplicationSceneManifest_Generation = YES;
				INFOPLIST_KEY_UIApplicationSupportsIndirectInputEvents = YES;
				INFOPLIST_KEY_UILaunchScreen_Generation = YES;
				INFOPLIST_KEY_UISupportedInterfaceOrientations_iPad = "UIInterfaceOrientationPortrait UIInterfaceOrientationPortraitUpsideDown UIInterfaceOrientationLandscapeLeft UIInterfaceOrientationLandscapeRight";
				INFOPLIST_KEY_UISupportedInterfaceOrientations_iPhone = "UIInterfaceOrientationPortrait UIInterfaceOrientationLandscapeLeft UIInterfaceOrientationLandscapeRight";
				LD_RUNPATH_SEARCH_PATHS = (
					"$(inherited)",
					"@executable_path/Frameworks",
				);
				MARKETING_VERSION = 1.0;
				PRODUCT_BUNDLE_IDENTIFIER = "com.tyfoan.golf-sync-swing";
				PRODUCT_NAME = "$(TARGET_NAME)";
				STRING_CATALOG_GENERATE_SYMBOLS = YES;
				SWIFT_APPROACHABLE_CONCURRENCY = YES;
				SWIFT_DEFAULT_ACTOR_ISOLATION = MainActor;
				SWIFT_EMIT_LOC_STRINGS = YES;
				SWIFT_UPCOMING_FEATURE_MEMBER_IMPORT_VISIBILITY = YES;
				SWIFT_VERSION = 5.0;
				TARGETED_DEVICE_FAMILY = "1,2";
			};
			name = Release;
		};
		88649A552F2C322500DB5D4D /* Debug */ = {
			isa = XCBuildConfiguration;
			buildSettings = {
				BUNDLE_LOADER = "$(TEST_HOST)";
				CODE_SIGN_STYLE = Automatic;
				CURRENT_PROJECT_VERSION = 1;
				DEVELOPMENT_TEAM = J2R9272WYX;
				GENERATE_INFOPLIST_FILE = YES;
				IPHONEOS_DEPLOYMENT_TARGET = 26.1;
				MARKETING_VERSION = 1.0;
				PRODUCT_BUNDLE_IDENTIFIER = "com.tyfoan.golf-sync-swingTests";
				PRODUCT_NAME = "$(TARGET_NAME)";
				STRING_CATALOG_GENERATE_SYMBOLS = NO;
				SWIFT_APPROACHABLE_CONCURRENCY = YES;
				SWIFT_EMIT_LOC_STRINGS = NO;
				SWIFT_UPCOMING_FEATURE_MEMBER_IMPORT_VISIBILITY = YES;
				SWIFT_VERSION = 5.0;
				TARGETED_DEVICE_FAMILY = "1,2";
				TEST_HOST = "$(BUILT_PRODUCTS_DIR)/golf-sync-swing.app/$(BUNDLE_EXECUTABLE_FOLDER_PATH)/golf-sync-swing";
			};
			name = Debug;
		};
		88649A562F2C322500DB5D4D /* Release */ = {
			isa = XCBuildConfiguration;
			buildSettings = {
				BUNDLE_LOADER = "$(TEST_HOST)";
				CODE_SIGN_STYLE = Automatic;
				CURRENT_PROJECT_VERSION = 1;
				DEVELOPMENT_TEAM = J2R9272WYX;
				GENERATE_INFOPLIST_FILE = YES;
				IPHONEOS_DEPLOYMENT_TARGET = 26.1;
				MARKETING_VERSION = 1.0;
				PRODUCT_BUNDLE_IDENTIFIER = "com.tyfoan.golf-sync-swingTests";
				PRODUCT_NAME = "$(TARGET_NAME)";
				STRING_CATALOG_GENERATE_SYMBOLS = NO;
				SWIFT_APPROACHABLE_CONCURRENCY = YES;
				SWIFT_EMIT_LOC_STRINGS = NO;
				SWIFT_UPCOMING_FEATURE_MEMBER_IMPORT_VISIBILITY = YES;
				SWIFT_VERSION = 5.0;
				TARGETED_DEVICE_FAMILY = "1,2";
				TEST_HOST = "$(BUILT_PRODUCTS_DIR)/golf-sync-swing.app/$(BUNDLE_EXECUTABLE_FOLDER_PATH)/golf-sync-swing";
			};
			name = Release;
		};
		88649A582F2C322500DB5D4D /* Debug */ = {
			isa = XCBuildConfiguration;
			buildSettings = {
				CODE_SIGN_STYLE = Automatic;
				CURRENT_PROJECT_VERSION = 1;
				DEVELOPMENT_TEAM = J2R9272WYX;
				GENERATE_INFOPLIST_FILE = YES;
				MARKETING_VERSION = 1.0;
				PRODUCT_BUNDLE_IDENTIFIER = "com.tyfoan.golf-sync-swingUITests";
				PRODUCT_NAME = "$(TARGET_NAME)";
				STRING_CATALOG_GENERATE_SYMBOLS = NO;
				SWIFT_APPROACHABLE_CONCURRENCY = YES;
				SWIFT_EMIT_LOC_STRINGS = NO;
				SWIFT_UPCOMING_FEATURE_MEMBER_IMPORT_VISIBILITY = YES;
				SWIFT_VERSION = 5.0;
				TARGETED_DEVICE_FAMILY = "1,2";
				TEST_TARGET_NAME = "golf-sync-swing";
			};
			name = Debug;
		};
		88649A592F2C322500DB5D4D /* Release */ = {
			isa = XCBuildConfiguration;
			buildSettings = {
				CODE_SIGN_STYLE = Automatic;
				CURRENT_PROJECT_VERSION = 1;
				DEVELOPMENT_TEAM = J2R9272WYX;
				GENERATE_INFOPLIST_FILE = YES;
				MARKETING_VERSION = 1.0;
				PRODUCT_BUNDLE_IDENTIFIER = "com.tyfoan.golf-sync-swingUITests";
				PRODUCT_NAME = "$(TARGET_NAME)";
				STRING_CATALOG_GENERATE_SYMBOLS = NO;
				SWIFT_APPROACHABLE_CONCURRENCY = YES;
				SWIFT_EMIT_LOC_STRINGS = NO;
				SWIFT_UPCOMING_FEATURE_MEMBER_IMPORT_VISIBILITY = YES;
				SWIFT_VERSION = 5.0;
				TARGETED_DEVICE_FAMILY = "1,2";
				TEST_TARGET_NAME = "golf-sync-swing";
			};
			name = Release;
		};
/* End XCBuildConfiguration section */

/* Begin XCConfigurationList section */
		88649A292F2C322400DB5D4D /* Build configuration list for PBXProject "golf-sync-swing" */ = {
			isa = XCConfigurationList;
			buildConfigurations = (
				88649A4F2F2C322500DB5D4D /* Debug */,
				88649A502F2C322500DB5D4D /* Release */,
			);
			defaultConfigurationIsVisible = 0;
			defaultConfigurationName = Release;
		};
		88649A512F2C322500DB5D4D /* Build configuration list for PBXNativeTarget "golf-sync-swing" */ = {
			isa = XCConfigurationList;
			buildConfigurations = (
				88649A522F2C322500DB5D4D /* Debug */,
				88649A532F2C322500DB5D4D /* Release */,
			);
			defaultConfigurationIsVisible = 0;
			defaultConfigurationName = Release;
		};
		88649A542F2C322500DB5D4D /* Build configuration list for PBXNativeTarget "golf-sync-swingTests" */ = {
			isa = XCConfigurationList;
			buildConfigurations = (
				88649A552F2C322500DB5D4D /* Debug */,
				88649A562F2C322500DB5D4D /* Release */,
			);
			defaultConfigurationIsVisible = 0;
			defaultConfigurationName = Release;
		};
		88649A572F2C322500DB5D4D /* Build configuration list for PBXNativeTarget "golf-sync-swingUITests" */ = {
			isa = XCConfigurationList;
			buildConfigurations = (
				88649A582F2C322500DB5D4D /* Debug */,
				88649A592F2C322500DB5D4D /* Release */,
			);
			defaultConfigurationIsVisible = 0;
			defaultConfigurationName = Release;
		};
/* End XCConfigurationList section */
	};
	rootObject = 88649A262F2C322400DB5D4D /* Project object */;
}
